// !$*UTF8*$!
{
	archiveVersion = 1;
	classes = {
	};
	objectVersion = 55;
	objects = {

/* Begin PBXBuildFile section */
		C753FAAF27F1BBE500A818F3 /* Services.swift in Sources */ = {isa = PBXBuildFile; fileRef = C753FAAE27F1BBE500A818F3 /* Services.swift */; };
		C753FAB227F1BC2700A818F3 /* CombineExtensions in Frameworks */ = {isa = PBXBuildFile; productRef = C753FAB127F1BC2700A818F3 /* CombineExtensions */; };
		C753FAB527F1BD1400A818F3 /* DefaultPersistenceService.swift in Sources */ = {isa = PBXBuildFile; fileRef = C753FAB427F1BD1400A818F3 /* DefaultPersistenceService.swift */; };
		C753FAB827F1D7CC00A818F3 /* DatabaseLink.swift in Sources */ = {isa = PBXBuildFile; fileRef = C753FAB627F1D7CC00A818F3 /* DatabaseLink.swift */; };
		C753FABC27F1D86A00A818F3 /* CloudKit.framework in Frameworks */ = {isa = PBXBuildFile; fileRef = C753FABB27F1D86A00A818F3 /* CloudKit.framework */; };
		C753FABE27F2439B00A818F3 /* PersistenceDecodingError.swift in Sources */ = {isa = PBXBuildFile; fileRef = C753FABD27F2439B00A818F3 /* PersistenceDecodingError.swift */; };
		C753FAC027F2451500A818F3 /* PersistenceEncodableModel.swift in Sources */ = {isa = PBXBuildFile; fileRef = C753FABF27F2451500A818F3 /* PersistenceEncodableModel.swift */; };
		C753FAC227F2452B00A818F3 /* PersistenceDecodableModel.swift in Sources */ = {isa = PBXBuildFile; fileRef = C753FAC127F2452B00A818F3 /* PersistenceDecodableModel.swift */; };
		C753FAC427F24CBC00A818F3 /* PersistenceService.swift in Sources */ = {isa = PBXBuildFile; fileRef = C753FAC327F24CBC00A818F3 /* PersistenceService.swift */; };
		C767EE0E27F0F8EB0053DC26 /* URLShortenerTests_InvalidURLSubmitted.json in Resources */ = {isa = PBXBuildFile; fileRef = C767EE0C27F0F8EB0053DC26 /* URLShortenerTests_InvalidURLSubmitted.json */; };
		C767EE0F27F0F8EB0053DC26 /* URLShortenerTests_Success.json in Resources */ = {isa = PBXBuildFile; fileRef = C767EE0D27F0F8EB0053DC26 /* URLShortenerTests_Success.json */; };
		C767EE1127F0F9000053DC26 /* MockJSON.swift in Sources */ = {isa = PBXBuildFile; fileRef = C767EE1027F0F9000053DC26 /* MockJSON.swift */; };
		C767EE1327F0F9840053DC26 /* MockJSONLoader.swift in Sources */ = {isa = PBXBuildFile; fileRef = C767EE1227F0F9840053DC26 /* MockJSONLoader.swift */; };
		C767EE1527F0FA7E0053DC26 /* MockJSONType.swift in Sources */ = {isa = PBXBuildFile; fileRef = C767EE1427F0FA7E0053DC26 /* MockJSONType.swift */; };
		C77166EA27F103B600C0B472 /* Link.swift in Sources */ = {isa = PBXBuildFile; fileRef = C77166E927F103B600C0B472 /* Link.swift */; };
		C77166ED27F103D800C0B472 /* ClipboardService.swift in Sources */ = {isa = PBXBuildFile; fileRef = C77166EC27F103D800C0B472 /* ClipboardService.swift */; };
		C77166EF27F103E700C0B472 /* DefaultClipboardService.swift in Sources */ = {isa = PBXBuildFile; fileRef = C77166EE27F103E700C0B472 /* DefaultClipboardService.swift */; };
		C77DD6C527F078370037ACFF /* DefaultAPIService.swift in Sources */ = {isa = PBXBuildFile; fileRef = C77DD6C427F078370037ACFF /* DefaultAPIService.swift */; };
		C77DD6C727F079360037ACFF /* APIService.swift in Sources */ = {isa = PBXBuildFile; fileRef = C77DD6C627F079360037ACFF /* APIService.swift */; };
		C77DD6CA27F079AB0037ACFF /* DefaultLinksShortenerService.swift in Sources */ = {isa = PBXBuildFile; fileRef = C77DD6C927F079AB0037ACFF /* DefaultLinksShortenerService.swift */; };
		C77DD6CC27F07ABC0037ACFF /* LinksShortenerError.swift in Sources */ = {isa = PBXBuildFile; fileRef = C77DD6CB27F07ABC0037ACFF /* LinksShortenerError.swift */; };
		C77DD6CE27F07B680037ACFF /* LinksShortenerService.swift in Sources */ = {isa = PBXBuildFile; fileRef = C77DD6CD27F07B680037ACFF /* LinksShortenerService.swift */; };
		C77DD6D027F07BD00037ACFF /* DefaultLinksShortenerService+ResponseErrorModel.swift in Sources */ = {isa = PBXBuildFile; fileRef = C77DD6CF27F07BD00037ACFF /* DefaultLinksShortenerService+ResponseErrorModel.swift */; };
		C77DD6D227F07C030037ACFF /* DefaultLinksShortenerService+ResponseModel.swift in Sources */ = {isa = PBXBuildFile; fileRef = C77DD6D127F07C030037ACFF /* DefaultLinksShortenerService+ResponseModel.swift */; };
		C77DD6D427F07C4A0037ACFF /* DefaultLinksShortenerService+ResponseModelResult.swift in Sources */ = {isa = PBXBuildFile; fileRef = C77DD6D327F07C4A0037ACFF /* DefaultLinksShortenerService+ResponseModelResult.swift */; };
		C78FCB8E27EA67A10095E352 /* ColorAsset.swift in Sources */ = {isa = PBXBuildFile; fileRef = C78FCB8C27EA67A10095E352 /* ColorAsset.swift */; };
		C78FCB8F27EA67A10095E352 /* ImageAsset.swift in Sources */ = {isa = PBXBuildFile; fileRef = C78FCB8D27EA67A10095E352 /* ImageAsset.swift */; };
		C796498B27F7392600B613F4 /* DefaultLoggerService.swift in Sources */ = {isa = PBXBuildFile; fileRef = C796498A27F7392600B613F4 /* DefaultLoggerService.swift */; };
		C796498E27F73AEE00B613F4 /* Bugsnag in Frameworks */ = {isa = PBXBuildFile; productRef = C796498D27F73AEE00B613F4 /* Bugsnag */; };
		C796499527F7412A00B613F4 /* LoggableError.swift in Sources */ = {isa = PBXBuildFile; fileRef = C796499427F7412A00B613F4 /* LoggableError.swift */; };
		C796499727F78E1F00B613F4 /* LoggerService.swift in Sources */ = {isa = PBXBuildFile; fileRef = C796499627F78E1F00B613F4 /* LoggerService.swift */; };
		C7AB8B4227F10657006592C2 /* CoreDataStack.swift in Sources */ = {isa = PBXBuildFile; fileRef = C7AB8B4127F10657006592C2 /* CoreDataStack.swift */; };
		C7AB8B4427F10675006592C2 /* AppLifecycleSubscribableService.swift in Sources */ = {isa = PBXBuildFile; fileRef = C7AB8B4327F10675006592C2 /* AppLifecycleSubscribableService.swift */; };
		C7AB8B4627F108FA006592C2 /* DefaultCoreDataStack.swift in Sources */ = {isa = PBXBuildFile; fileRef = C7AB8B4527F108FA006592C2 /* DefaultCoreDataStack.swift */; };
		C7AB8B4827F10A90006592C2 /* DefaultServices.swift in Sources */ = {isa = PBXBuildFile; fileRef = C7AB8B4727F10A90006592C2 /* DefaultServices.swift */; };
		C7BB4B3A27F25FAB00AC3E1B /* LinkTests.swift in Sources */ = {isa = PBXBuildFile; fileRef = C7BB4B3927F25FAB00AC3E1B /* LinkTests.swift */; };
		C7CC818827F8B549008EE891 /* LocalizedString.swift in Sources */ = {isa = PBXBuildFile; fileRef = C7CC818727F8B549008EE891 /* LocalizedString.swift */; };
		C7CC818E27F8B751008EE891 /* Localizable.strings in Resources */ = {isa = PBXBuildFile; fileRef = C7CC819027F8B751008EE891 /* Localizable.strings */; };
		C7CE0AE227F0808A0019F254 /* DefaultLinksShortenerServiceTests.swift in Sources */ = {isa = PBXBuildFile; fileRef = C7CE0AE127F0808A0019F254 /* DefaultLinksShortenerServiceTests.swift */; };
		C7DF18E927EA590200D1FAD6 /* AppDelegate.swift in Sources */ = {isa = PBXBuildFile; fileRef = C7DF18E827EA590200D1FAD6 /* AppDelegate.swift */; };
		C7DF18EB27EA590200D1FAD6 /* SceneDelegate.swift in Sources */ = {isa = PBXBuildFile; fileRef = C7DF18EA27EA590200D1FAD6 /* SceneDelegate.swift */; };
		C7DF18F327EA590200D1FAD6 /* URLShortener.xcdatamodeld in Sources */ = {isa = PBXBuildFile; fileRef = C7DF18F127EA590200D1FAD6 /* URLShortener.xcdatamodeld */; };
		C7DF18F527EA590400D1FAD6 /* Images.xcassets in Resources */ = {isa = PBXBuildFile; fileRef = C7DF18F427EA590400D1FAD6 /* Images.xcassets */; };
		C7DF18F827EA590400D1FAD6 /* LaunchScreen.storyboard in Resources */ = {isa = PBXBuildFile; fileRef = C7DF18F627EA590400D1FAD6 /* LaunchScreen.storyboard */; };
		C7DF190D27EA590400D1FAD6 /* URLShortenerUITests.swift in Sources */ = {isa = PBXBuildFile; fileRef = C7DF190C27EA590400D1FAD6 /* URLShortenerUITests.swift */; };
		C7DF190F27EA590400D1FAD6 /* URLShortenerUITestsLaunchTests.swift in Sources */ = {isa = PBXBuildFile; fileRef = C7DF190E27EA590400D1FAD6 /* URLShortenerUITestsLaunchTests.swift */; };
		C7DF191F27EA5BC800D1FAD6 /* Colors.xcassets in Resources */ = {isa = PBXBuildFile; fileRef = C7DF191E27EA5BC800D1FAD6 /* Colors.xcassets */; };
/* End PBXBuildFile section */

/* Begin PBXContainerItemProxy section */
		C7DF18FF27EA590400D1FAD6 /* PBXContainerItemProxy */ = {
			isa = PBXContainerItemProxy;
			containerPortal = C7DF18DD27EA590200D1FAD6 /* Project object */;
			proxyType = 1;
			remoteGlobalIDString = C7DF18E427EA590200D1FAD6;
			remoteInfo = URLShortener;
		};
		C7DF190927EA590400D1FAD6 /* PBXContainerItemProxy */ = {
			isa = PBXContainerItemProxy;
			containerPortal = C7DF18DD27EA590200D1FAD6 /* Project object */;
			proxyType = 1;
			remoteGlobalIDString = C7DF18E427EA590200D1FAD6;
			remoteInfo = URLShortener;
		};
/* End PBXContainerItemProxy section */

/* Begin PBXFileReference section */
		C753FAAE27F1BBE500A818F3 /* Services.swift */ = {isa = PBXFileReference; lastKnownFileType = sourcecode.swift; path = Services.swift; sourceTree = "<group>"; };
		C753FAB427F1BD1400A818F3 /* DefaultPersistenceService.swift */ = {isa = PBXFileReference; lastKnownFileType = sourcecode.swift; path = DefaultPersistenceService.swift; sourceTree = "<group>"; };
		C753FAB627F1D7CC00A818F3 /* DatabaseLink.swift */ = {isa = PBXFileReference; lastKnownFileType = sourcecode.swift; path = DatabaseLink.swift; sourceTree = "<group>"; };
		C753FABB27F1D86A00A818F3 /* CloudKit.framework */ = {isa = PBXFileReference; lastKnownFileType = wrapper.framework; name = CloudKit.framework; path = System/Library/Frameworks/CloudKit.framework; sourceTree = SDKROOT; };
		C753FABD27F2439B00A818F3 /* PersistenceDecodingError.swift */ = {isa = PBXFileReference; lastKnownFileType = sourcecode.swift; path = PersistenceDecodingError.swift; sourceTree = "<group>"; };
		C753FABF27F2451500A818F3 /* PersistenceEncodableModel.swift */ = {isa = PBXFileReference; lastKnownFileType = sourcecode.swift; path = PersistenceEncodableModel.swift; sourceTree = "<group>"; };
		C753FAC127F2452B00A818F3 /* PersistenceDecodableModel.swift */ = {isa = PBXFileReference; lastKnownFileType = sourcecode.swift; path = PersistenceDecodableModel.swift; sourceTree = "<group>"; };
		C753FAC327F24CBC00A818F3 /* PersistenceService.swift */ = {isa = PBXFileReference; lastKnownFileType = sourcecode.swift; path = PersistenceService.swift; sourceTree = "<group>"; };
		C767EE0C27F0F8EB0053DC26 /* URLShortenerTests_InvalidURLSubmitted.json */ = {isa = PBXFileReference; fileEncoding = 4; lastKnownFileType = text.json; path = URLShortenerTests_InvalidURLSubmitted.json; sourceTree = "<group>"; };
		C767EE0D27F0F8EB0053DC26 /* URLShortenerTests_Success.json */ = {isa = PBXFileReference; fileEncoding = 4; lastKnownFileType = text.json; path = URLShortenerTests_Success.json; sourceTree = "<group>"; };
		C767EE1027F0F9000053DC26 /* MockJSON.swift */ = {isa = PBXFileReference; lastKnownFileType = sourcecode.swift; path = MockJSON.swift; sourceTree = "<group>"; };
		C767EE1227F0F9840053DC26 /* MockJSONLoader.swift */ = {isa = PBXFileReference; lastKnownFileType = sourcecode.swift; path = MockJSONLoader.swift; sourceTree = "<group>"; };
		C767EE1427F0FA7E0053DC26 /* MockJSONType.swift */ = {isa = PBXFileReference; lastKnownFileType = sourcecode.swift; path = MockJSONType.swift; sourceTree = "<group>"; };
		C77166E927F103B600C0B472 /* Link.swift */ = {isa = PBXFileReference; lastKnownFileType = sourcecode.swift; path = Link.swift; sourceTree = "<group>"; };
		C77166EC27F103D800C0B472 /* ClipboardService.swift */ = {isa = PBXFileReference; lastKnownFileType = sourcecode.swift; path = ClipboardService.swift; sourceTree = "<group>"; };
		C77166EE27F103E700C0B472 /* DefaultClipboardService.swift */ = {isa = PBXFileReference; lastKnownFileType = sourcecode.swift; path = DefaultClipboardService.swift; sourceTree = "<group>"; };
		C77DD6C427F078370037ACFF /* DefaultAPIService.swift */ = {isa = PBXFileReference; lastKnownFileType = sourcecode.swift; path = DefaultAPIService.swift; sourceTree = "<group>"; };
		C77DD6C627F079360037ACFF /* APIService.swift */ = {isa = PBXFileReference; lastKnownFileType = sourcecode.swift; path = APIService.swift; sourceTree = "<group>"; };
		C77DD6C927F079AB0037ACFF /* DefaultLinksShortenerService.swift */ = {isa = PBXFileReference; lastKnownFileType = sourcecode.swift; path = DefaultLinksShortenerService.swift; sourceTree = "<group>"; };
		C77DD6CB27F07ABC0037ACFF /* LinksShortenerError.swift */ = {isa = PBXFileReference; lastKnownFileType = sourcecode.swift; path = LinksShortenerError.swift; sourceTree = "<group>"; };
		C77DD6CD27F07B680037ACFF /* LinksShortenerService.swift */ = {isa = PBXFileReference; lastKnownFileType = sourcecode.swift; path = LinksShortenerService.swift; sourceTree = "<group>"; };
		C77DD6CF27F07BD00037ACFF /* DefaultLinksShortenerService+ResponseErrorModel.swift */ = {isa = PBXFileReference; lastKnownFileType = sourcecode.swift; path = "DefaultLinksShortenerService+ResponseErrorModel.swift"; sourceTree = "<group>"; };
		C77DD6D127F07C030037ACFF /* DefaultLinksShortenerService+ResponseModel.swift */ = {isa = PBXFileReference; lastKnownFileType = sourcecode.swift; path = "DefaultLinksShortenerService+ResponseModel.swift"; sourceTree = "<group>"; };
		C77DD6D327F07C4A0037ACFF /* DefaultLinksShortenerService+ResponseModelResult.swift */ = {isa = PBXFileReference; lastKnownFileType = sourcecode.swift; path = "DefaultLinksShortenerService+ResponseModelResult.swift"; sourceTree = "<group>"; };
		C78FCB8C27EA67A10095E352 /* ColorAsset.swift */ = {isa = PBXFileReference; fileEncoding = 4; lastKnownFileType = sourcecode.swift; path = ColorAsset.swift; sourceTree = "<group>"; };
		C78FCB8D27EA67A10095E352 /* ImageAsset.swift */ = {isa = PBXFileReference; fileEncoding = 4; lastKnownFileType = sourcecode.swift; path = ImageAsset.swift; sourceTree = "<group>"; };
		C796498A27F7392600B613F4 /* DefaultLoggerService.swift */ = {isa = PBXFileReference; lastKnownFileType = sourcecode.swift; path = DefaultLoggerService.swift; sourceTree = "<group>"; };
		C796499427F7412A00B613F4 /* LoggableError.swift */ = {isa = PBXFileReference; lastKnownFileType = sourcecode.swift; path = LoggableError.swift; sourceTree = "<group>"; };
		C796499627F78E1F00B613F4 /* LoggerService.swift */ = {isa = PBXFileReference; lastKnownFileType = sourcecode.swift; path = LoggerService.swift; sourceTree = "<group>"; };
		C7AB8B4127F10657006592C2 /* CoreDataStack.swift */ = {isa = PBXFileReference; lastKnownFileType = sourcecode.swift; path = CoreDataStack.swift; sourceTree = "<group>"; };
		C7AB8B4327F10675006592C2 /* AppLifecycleSubscribableService.swift */ = {isa = PBXFileReference; lastKnownFileType = sourcecode.swift; path = AppLifecycleSubscribableService.swift; sourceTree = "<group>"; };
		C7AB8B4527F108FA006592C2 /* DefaultCoreDataStack.swift */ = {isa = PBXFileReference; lastKnownFileType = sourcecode.swift; path = DefaultCoreDataStack.swift; sourceTree = "<group>"; };
		C7AB8B4727F10A90006592C2 /* DefaultServices.swift */ = {isa = PBXFileReference; lastKnownFileType = sourcecode.swift; path = DefaultServices.swift; sourceTree = "<group>"; };
		C7BB4B3927F25FAB00AC3E1B /* LinkTests.swift */ = {isa = PBXFileReference; lastKnownFileType = sourcecode.swift; path = LinkTests.swift; sourceTree = "<group>"; };
		C7CC818727F8B549008EE891 /* LocalizedString.swift */ = {isa = PBXFileReference; lastKnownFileType = sourcecode.swift; path = LocalizedString.swift; sourceTree = "<group>"; };
		C7CC818A27F8B617008EE891 /* en */ = {isa = PBXFileReference; lastKnownFileType = text.plist.strings; name = en; path = en.lproj/LaunchScreen.strings; sourceTree = "<group>"; };
		C7CC818F27F8B751008EE891 /* en */ = {isa = PBXFileReference; lastKnownFileType = text.plist.strings; name = en; path = en.lproj/Localizable.strings; sourceTree = "<group>"; };
		C7CE0AE127F0808A0019F254 /* DefaultLinksShortenerServiceTests.swift */ = {isa = PBXFileReference; lastKnownFileType = sourcecode.swift; path = DefaultLinksShortenerServiceTests.swift; sourceTree = "<group>"; };
		C7DF18E527EA590200D1FAD6 /* URLShortener.app */ = {isa = PBXFileReference; explicitFileType = wrapper.application; includeInIndex = 0; path = URLShortener.app; sourceTree = BUILT_PRODUCTS_DIR; };
		C7DF18E827EA590200D1FAD6 /* AppDelegate.swift */ = {isa = PBXFileReference; lastKnownFileType = sourcecode.swift; path = AppDelegate.swift; sourceTree = "<group>"; };
		C7DF18EA27EA590200D1FAD6 /* SceneDelegate.swift */ = {isa = PBXFileReference; lastKnownFileType = sourcecode.swift; path = SceneDelegate.swift; sourceTree = "<group>"; };
		C7DF18F227EA590200D1FAD6 /* URLShortener.xcdatamodel */ = {isa = PBXFileReference; lastKnownFileType = wrapper.xcdatamodel; path = URLShortener.xcdatamodel; sourceTree = "<group>"; };
		C7DF18F427EA590400D1FAD6 /* Images.xcassets */ = {isa = PBXFileReference; lastKnownFileType = folder.assetcatalog; path = Images.xcassets; sourceTree = "<group>"; };
		C7DF18F727EA590400D1FAD6 /* Base */ = {isa = PBXFileReference; lastKnownFileType = file.storyboard; name = Base; path = Base.lproj/LaunchScreen.storyboard; sourceTree = "<group>"; };
		C7DF18F927EA590400D1FAD6 /* Info.plist */ = {isa = PBXFileReference; lastKnownFileType = text.plist.xml; path = Info.plist; sourceTree = "<group>"; };
		C7DF18FE27EA590400D1FAD6 /* URLShortenerTests.xctest */ = {isa = PBXFileReference; explicitFileType = wrapper.cfbundle; includeInIndex = 0; path = URLShortenerTests.xctest; sourceTree = BUILT_PRODUCTS_DIR; };
		C7DF190827EA590400D1FAD6 /* URLShortenerUITests.xctest */ = {isa = PBXFileReference; explicitFileType = wrapper.cfbundle; includeInIndex = 0; path = URLShortenerUITests.xctest; sourceTree = BUILT_PRODUCTS_DIR; };
		C7DF190C27EA590400D1FAD6 /* URLShortenerUITests.swift */ = {isa = PBXFileReference; lastKnownFileType = sourcecode.swift; path = URLShortenerUITests.swift; sourceTree = "<group>"; };
		C7DF190E27EA590400D1FAD6 /* URLShortenerUITestsLaunchTests.swift */ = {isa = PBXFileReference; lastKnownFileType = sourcecode.swift; path = URLShortenerUITestsLaunchTests.swift; sourceTree = "<group>"; };
		C7DF191B27EA592D00D1FAD6 /* URLShortener.entitlements */ = {isa = PBXFileReference; lastKnownFileType = text.plist.entitlements; path = URLShortener.entitlements; sourceTree = "<group>"; };
		C7DF191E27EA5BC800D1FAD6 /* Colors.xcassets */ = {isa = PBXFileReference; lastKnownFileType = folder.assetcatalog; path = Colors.xcassets; sourceTree = "<group>"; };
/* End PBXFileReference section */

/* Begin PBXFrameworksBuildPhase section */
		C7DF18E227EA590200D1FAD6 /* Frameworks */ = {
			isa = PBXFrameworksBuildPhase;
			buildActionMask = 2147483647;
			files = (
				C796498E27F73AEE00B613F4 /* Bugsnag in Frameworks */,
				C753FAB227F1BC2700A818F3 /* CombineExtensions in Frameworks */,
				C753FABC27F1D86A00A818F3 /* CloudKit.framework in Frameworks */,
			);
			runOnlyForDeploymentPostprocessing = 0;
		};
		C7DF18FB27EA590400D1FAD6 /* Frameworks */ = {
			isa = PBXFrameworksBuildPhase;
			buildActionMask = 2147483647;
			files = (
			);
			runOnlyForDeploymentPostprocessing = 0;
		};
		C7DF190527EA590400D1FAD6 /* Frameworks */ = {
			isa = PBXFrameworksBuildPhase;
			buildActionMask = 2147483647;
			files = (
			);
			runOnlyForDeploymentPostprocessing = 0;
		};
/* End PBXFrameworksBuildPhase section */

/* Begin PBXGroup section */
		C753FAB327F1BD0A00A818F3 /* Persistence */ = {
			isa = PBXGroup;
			children = (
				C753FAB427F1BD1400A818F3 /* DefaultPersistenceService.swift */,
				C753FAC127F2452B00A818F3 /* PersistenceDecodableModel.swift */,
				C753FABD27F2439B00A818F3 /* PersistenceDecodingError.swift */,
				C753FABF27F2451500A818F3 /* PersistenceEncodableModel.swift */,
				C753FAC327F24CBC00A818F3 /* PersistenceService.swift */,
			);
			path = Persistence;
			sourceTree = "<group>";
		};
		C753FABA27F1D86A00A818F3 /* Frameworks */ = {
			isa = PBXGroup;
			children = (
				C753FABB27F1D86A00A818F3 /* CloudKit.framework */,
			);
			name = Frameworks;
			sourceTree = "<group>";
		};
		C767EE0B27F0F88F0053DC26 /* -MockJSONs */ = {
			isa = PBXGroup;
			children = (
				C767EE0C27F0F8EB0053DC26 /* URLShortenerTests_InvalidURLSubmitted.json */,
				C767EE0D27F0F8EB0053DC26 /* URLShortenerTests_Success.json */,
				C767EE1027F0F9000053DC26 /* MockJSON.swift */,
				C767EE1227F0F9840053DC26 /* MockJSONLoader.swift */,
				C767EE1427F0FA7E0053DC26 /* MockJSONType.swift */,
			);
			path = "-MockJSONs";
			sourceTree = "<group>";
		};
		C77166E827F103AD00C0B472 /* Models */ = {
			isa = PBXGroup;
			children = (
				C753FAB627F1D7CC00A818F3 /* DatabaseLink.swift */,
				C77166E927F103B600C0B472 /* Link.swift */,
			);
			path = Models;
			sourceTree = "<group>";
		};
		C77166EB27F103D300C0B472 /* Clipboard */ = {
			isa = PBXGroup;
			children = (
				C77166EC27F103D800C0B472 /* ClipboardService.swift */,
				C77166EE27F103E700C0B472 /* DefaultClipboardService.swift */,
			);
			path = Clipboard;
			sourceTree = "<group>";
		};
		C77DD6C227F0779B0037ACFF /* Services */ = {
			isa = PBXGroup;
			children = (
				C7AB8B4327F10675006592C2 /* AppLifecycleSubscribableService.swift */,
				C7AB8B4727F10A90006592C2 /* DefaultServices.swift */,
				C753FAAE27F1BBE500A818F3 /* Services.swift */,
				C77DD6C327F077BB0037ACFF /* API */,
				C77166EB27F103D300C0B472 /* Clipboard */,
				C7AB8B4027F10649006592C2 /* CoreDataStack */,
				C77DD6C827F079970037ACFF /* LinksShortener */,
				C796498927F7391600B613F4 /* Logger */,
				C753FAB327F1BD0A00A818F3 /* Persistence */,
			);
			path = Services;
			sourceTree = "<group>";
		};
		C77DD6C327F077BB0037ACFF /* API */ = {
			isa = PBXGroup;
			children = (
				C77DD6C627F079360037ACFF /* APIService.swift */,
				C77DD6C427F078370037ACFF /* DefaultAPIService.swift */,
			);
			path = API;
			sourceTree = "<group>";
		};
		C77DD6C827F079970037ACFF /* LinksShortener */ = {
			isa = PBXGroup;
			children = (
				C77DD6C927F079AB0037ACFF /* DefaultLinksShortenerService.swift */,
				C77DD6CB27F07ABC0037ACFF /* LinksShortenerError.swift */,
				C77DD6CD27F07B680037ACFF /* LinksShortenerService.swift */,
				C77DD6D527F07CE60037ACFF /* ResponseModels */,
			);
			path = LinksShortener;
			sourceTree = "<group>";
		};
		C77DD6D527F07CE60037ACFF /* ResponseModels */ = {
			isa = PBXGroup;
			children = (
				C77DD6CF27F07BD00037ACFF /* DefaultLinksShortenerService+ResponseErrorModel.swift */,
				C77DD6D127F07C030037ACFF /* DefaultLinksShortenerService+ResponseModel.swift */,
				C77DD6D327F07C4A0037ACFF /* DefaultLinksShortenerService+ResponseModelResult.swift */,
			);
			path = ResponseModels;
			sourceTree = "<group>";
		};
		C796498927F7391600B613F4 /* Logger */ = {
			isa = PBXGroup;
			children = (
				C796498A27F7392600B613F4 /* DefaultLoggerService.swift */,
				C796499427F7412A00B613F4 /* LoggableError.swift */,
				C796499627F78E1F00B613F4 /* LoggerService.swift */,
			);
			path = Logger;
			sourceTree = "<group>";
		};
		C7AB8B4027F10649006592C2 /* CoreDataStack */ = {
			isa = PBXGroup;
			children = (
				C7AB8B4127F10657006592C2 /* CoreDataStack.swift */,
				C7AB8B4527F108FA006592C2 /* DefaultCoreDataStack.swift */,
			);
			path = CoreDataStack;
			sourceTree = "<group>";
		};
		C7BB4B3727F25F6E00AC3E1B /* Services */ = {
			isa = PBXGroup;
			children = (
				C7CE0AE127F0808A0019F254 /* DefaultLinksShortenerServiceTests.swift */,
			);
			path = Services;
			sourceTree = "<group>";
		};
		C7BB4B3827F25F9C00AC3E1B /* Models */ = {
			isa = PBXGroup;
			children = (
				C7BB4B3927F25FAB00AC3E1B /* LinkTests.swift */,
			);
			path = Models;
			sourceTree = "<group>";
		};
		C7CC818627F8B539008EE891 /* Utilities */ = {
			isa = PBXGroup;
			children = (
				C7CC818727F8B549008EE891 /* LocalizedString.swift */,
			);
			path = Utilities;
			sourceTree = "<group>";
		};
		C7DF18DC27EA590200D1FAD6 = {
			isa = PBXGroup;
			children = (
				C7DF18E727EA590200D1FAD6 /* URLShortener */,
				C7DF190127EA590400D1FAD6 /* URLShortenerTests */,
				C7DF190B27EA590400D1FAD6 /* URLShortenerUITests */,
				C7DF18E627EA590200D1FAD6 /* Products */,
				C753FABA27F1D86A00A818F3 /* Frameworks */,
			);
			sourceTree = "<group>";
		};
		C7DF18E627EA590200D1FAD6 /* Products */ = {
			isa = PBXGroup;
			children = (
				C7DF18E527EA590200D1FAD6 /* URLShortener.app */,
				C7DF18FE27EA590400D1FAD6 /* URLShortenerTests.xctest */,
				C7DF190827EA590400D1FAD6 /* URLShortenerUITests.xctest */,
			);
			name = Products;
			sourceTree = "<group>";
		};
		C7DF18E727EA590200D1FAD6 /* URLShortener */ = {
			isa = PBXGroup;
			children = (
				C7DF191C27EA59F600D1FAD6 /* App */,
				C77166E827F103AD00C0B472 /* Models */,
				C7DF191D27EA5BB400D1FAD6 /* Resources */,
				C77DD6C227F0779B0037ACFF /* Services */,
				C7CC818627F8B539008EE891 /* Utilities */,
			);
			path = URLShortener;
			sourceTree = "<group>";
		};
		C7DF190127EA590400D1FAD6 /* URLShortenerTests */ = {
			isa = PBXGroup;
			children = (
				C767EE0B27F0F88F0053DC26 /* -MockJSONs */,
				C7BB4B3827F25F9C00AC3E1B /* Models */,
				C7BB4B3727F25F6E00AC3E1B /* Services */,
			);
			path = URLShortenerTests;
			sourceTree = "<group>";
		};
		C7DF190B27EA590400D1FAD6 /* URLShortenerUITests */ = {
			isa = PBXGroup;
			children = (
				C7DF190C27EA590400D1FAD6 /* URLShortenerUITests.swift */,
				C7DF190E27EA590400D1FAD6 /* URLShortenerUITestsLaunchTests.swift */,
			);
			path = URLShortenerUITests;
			sourceTree = "<group>";
		};
		C7DF191C27EA59F600D1FAD6 /* App */ = {
			isa = PBXGroup;
			children = (
				C7DF191B27EA592D00D1FAD6 /* URLShortener.entitlements */,
				C7DF18F927EA590400D1FAD6 /* Info.plist */,
				C7DF18E827EA590200D1FAD6 /* AppDelegate.swift */,
				C7DF18EA27EA590200D1FAD6 /* SceneDelegate.swift */,
			);
			path = App;
			sourceTree = "<group>";
		};
		C7DF191D27EA5BB400D1FAD6 /* Resources */ = {
			isa = PBXGroup;
			children = (
				C78FCB8C27EA67A10095E352 /* ColorAsset.swift */,
				C78FCB8D27EA67A10095E352 /* ImageAsset.swift */,
				C7DF191E27EA5BC800D1FAD6 /* Colors.xcassets */,
				C7DF18F427EA590400D1FAD6 /* Images.xcassets */,
				C7DF18F627EA590400D1FAD6 /* LaunchScreen.storyboard */,
				C7CC819027F8B751008EE891 /* Localizable.strings */,
				C7DF18F127EA590200D1FAD6 /* URLShortener.xcdatamodeld */,
			);
			path = Resources;
			sourceTree = "<group>";
		};
/* End PBXGroup section */

/* Begin PBXNativeTarget section */
		C7DF18E427EA590200D1FAD6 /* URLShortener */ = {
			isa = PBXNativeTarget;
			buildConfigurationList = C7DF191227EA590400D1FAD6 /* Build configuration list for PBXNativeTarget "URLShortener" */;
			buildPhases = (
				C78FCB8B27EA67280095E352 /* 🛠SwiftGen */,
				C7DF18E127EA590200D1FAD6 /* Sources */,
				C7DF18E227EA590200D1FAD6 /* Frameworks */,
				C7DF18E327EA590200D1FAD6 /* Resources */,
				C7CC818B27F8B62F008EE891 /* 🛠Genstrings */,
				C7BEF7D927EA6AD600FA651B /* 🛠SwiftLint */,
			);
			buildRules = (
			);
			dependencies = (
			);
			name = URLShortener;
			packageProductDependencies = (
				C753FAB127F1BC2700A818F3 /* CombineExtensions */,
				C796498D27F73AEE00B613F4 /* Bugsnag */,
			);
			productName = URLShortener;
			productReference = C7DF18E527EA590200D1FAD6 /* URLShortener.app */;
			productType = "com.apple.product-type.application";
		};
		C7DF18FD27EA590400D1FAD6 /* URLShortenerTests */ = {
			isa = PBXNativeTarget;
			buildConfigurationList = C7DF191527EA590400D1FAD6 /* Build configuration list for PBXNativeTarget "URLShortenerTests" */;
			buildPhases = (
				C7DF18FA27EA590400D1FAD6 /* Sources */,
				C7DF18FB27EA590400D1FAD6 /* Frameworks */,
				C7DF18FC27EA590400D1FAD6 /* Resources */,
			);
			buildRules = (
			);
			dependencies = (
				C7DF190027EA590400D1FAD6 /* PBXTargetDependency */,
			);
			name = URLShortenerTests;
			productName = URLShortenerTests;
			productReference = C7DF18FE27EA590400D1FAD6 /* URLShortenerTests.xctest */;
			productType = "com.apple.product-type.bundle.unit-test";
		};
		C7DF190727EA590400D1FAD6 /* URLShortenerUITests */ = {
			isa = PBXNativeTarget;
			buildConfigurationList = C7DF191827EA590400D1FAD6 /* Build configuration list for PBXNativeTarget "URLShortenerUITests" */;
			buildPhases = (
				C7DF190427EA590400D1FAD6 /* Sources */,
				C7DF190527EA590400D1FAD6 /* Frameworks */,
				C7DF190627EA590400D1FAD6 /* Resources */,
			);
			buildRules = (
			);
			dependencies = (
				C7DF190A27EA590400D1FAD6 /* PBXTargetDependency */,
			);
			name = URLShortenerUITests;
			productName = URLShortenerUITests;
			productReference = C7DF190827EA590400D1FAD6 /* URLShortenerUITests.xctest */;
			productType = "com.apple.product-type.bundle.ui-testing";
		};
/* End PBXNativeTarget section */

/* Begin PBXProject section */
		C7DF18DD27EA590200D1FAD6 /* Project object */ = {
			isa = PBXProject;
			attributes = {
				BuildIndependentTargetsInParallel = 1;
				LastSwiftUpdateCheck = 1330;
				LastUpgradeCheck = 1330;
				TargetAttributes = {
					C7DF18E427EA590200D1FAD6 = {
						CreatedOnToolsVersion = 13.3;
					};
					C7DF18FD27EA590400D1FAD6 = {
						CreatedOnToolsVersion = 13.3;
						TestTargetID = C7DF18E427EA590200D1FAD6;
					};
					C7DF190727EA590400D1FAD6 = {
						CreatedOnToolsVersion = 13.3;
						TestTargetID = C7DF18E427EA590200D1FAD6;
					};
				};
			};
			buildConfigurationList = C7DF18E027EA590200D1FAD6 /* Build configuration list for PBXProject "URLShortener" */;
			compatibilityVersion = "Xcode 13.0";
			developmentRegion = en;
			hasScannedForEncodings = 0;
			knownRegions = (
				en,
				Base,
			);
			mainGroup = C7DF18DC27EA590200D1FAD6;
			packageReferences = (
				C753FAB027F1BC2700A818F3 /* XCRemoteSwiftPackageReference "combineExtensions" */,
				C796498C27F73AEE00B613F4 /* XCRemoteSwiftPackageReference "bugsnag-cocoa" */,
			);
			productRefGroup = C7DF18E627EA590200D1FAD6 /* Products */;
			projectDirPath = "";
			projectRoot = "";
			targets = (
				C7DF18E427EA590200D1FAD6 /* URLShortener */,
				C7DF18FD27EA590400D1FAD6 /* URLShortenerTests */,
				C7DF190727EA590400D1FAD6 /* URLShortenerUITests */,
			);
		};
/* End PBXProject section */

/* Begin PBXResourcesBuildPhase section */
		C7DF18E327EA590200D1FAD6 /* Resources */ = {
			isa = PBXResourcesBuildPhase;
			buildActionMask = 2147483647;
			files = (
				C7DF191F27EA5BC800D1FAD6 /* Colors.xcassets in Resources */,
				C7CC818E27F8B751008EE891 /* Localizable.strings in Resources */,
				C7DF18F827EA590400D1FAD6 /* LaunchScreen.storyboard in Resources */,
				C7DF18F527EA590400D1FAD6 /* Images.xcassets in Resources */,
			);
			runOnlyForDeploymentPostprocessing = 0;
		};
		C7DF18FC27EA590400D1FAD6 /* Resources */ = {
			isa = PBXResourcesBuildPhase;
			buildActionMask = 2147483647;
			files = (
				C767EE0F27F0F8EB0053DC26 /* URLShortenerTests_Success.json in Resources */,
				C767EE0E27F0F8EB0053DC26 /* URLShortenerTests_InvalidURLSubmitted.json in Resources */,
			);
			runOnlyForDeploymentPostprocessing = 0;
		};
		C7DF190627EA590400D1FAD6 /* Resources */ = {
			isa = PBXResourcesBuildPhase;
			buildActionMask = 2147483647;
			files = (
			);
			runOnlyForDeploymentPostprocessing = 0;
		};
/* End PBXResourcesBuildPhase section */

/* Begin PBXShellScriptBuildPhase section */
		C78FCB8B27EA67280095E352 /* 🛠SwiftGen */ = {
			isa = PBXShellScriptBuildPhase;
			buildActionMask = 2147483647;
			files = (
			);
			inputFileListPaths = (
			);
			inputPaths = (
			);
			name = "🛠SwiftGen";
			outputFileListPaths = (
			);
			outputPaths = (
			);
			runOnlyForDeploymentPostprocessing = 0;
			shellPath = /bin/sh;
			shellScript = "export PATH=\"$PATH:/opt/homebrew/bin\"\n\nif which swiftgen >/dev/null; then\n    swiftgen\nelse\n    echo \"warning: SwiftGen not installed, download it from https://github.com/SwiftGen/SwiftGen\"\nfi\n";
		};
		C7BEF7D927EA6AD600FA651B /* 🛠SwiftLint */ = {
			isa = PBXShellScriptBuildPhase;
			buildActionMask = 2147483647;
			files = (
			);
			inputFileListPaths = (
			);
			inputPaths = (
			);
			name = "🛠SwiftLint";
			outputFileListPaths = (
			);
			outputPaths = (
			);
			runOnlyForDeploymentPostprocessing = 0;
			shellPath = /bin/sh;
			shellScript = "export PATH=\"$PATH:/opt/homebrew/bin\"\n\nif which swiftlint >/dev/null; then\n  swiftlint\nelse\n  echo \"warning: SwiftLint not installed, download from https://github.com/realm/SwiftLint\"\nfi\n";
		};
		C7CC818B27F8B62F008EE891 /* 🛠Genstrings */ = {
			isa = PBXShellScriptBuildPhase;
			buildActionMask = 2147483647;
			files = (
			);
			inputFileListPaths = (
			);
			inputPaths = (
			);
			name = "🛠Genstrings";
			outputFileListPaths = (
			);
			outputPaths = (
			);
			runOnlyForDeploymentPostprocessing = 0;
			shellPath = /bin/sh;
			shellScript = "cd ${PROJECT_DIR}/URLShortener\nfind . -name \\*.swift | xargs genstrings -o ${PROJECT_DIR}/URLShortener/Resources/en.lproj\n";
		};
/* End PBXShellScriptBuildPhase section */

/* Begin PBXSourcesBuildPhase section */
		C7DF18E127EA590200D1FAD6 /* Sources */ = {
			isa = PBXSourcesBuildPhase;
			buildActionMask = 2147483647;
			files = (
				C753FAB827F1D7CC00A818F3 /* DatabaseLink.swift in Sources */,
				C77DD6CE27F07B680037ACFF /* LinksShortenerService.swift in Sources */,
				C77166EA27F103B600C0B472 /* Link.swift in Sources */,
				C796498B27F7392600B613F4 /* DefaultLoggerService.swift in Sources */,
				C753FAC027F2451500A818F3 /* PersistenceEncodableModel.swift in Sources */,
				C796499727F78E1F00B613F4 /* LoggerService.swift in Sources */,
				C77DD6C527F078370037ACFF /* DefaultAPIService.swift in Sources */,
				C7AB8B4627F108FA006592C2 /* DefaultCoreDataStack.swift in Sources */,
				C77DD6C727F079360037ACFF /* APIService.swift in Sources */,
				C7AB8B4827F10A90006592C2 /* DefaultServices.swift in Sources */,
				C78FCB8F27EA67A10095E352 /* ImageAsset.swift in Sources */,
				C7AB8B4427F10675006592C2 /* AppLifecycleSubscribableService.swift in Sources */,
				C7DF18E927EA590200D1FAD6 /* AppDelegate.swift in Sources */,
				C753FAB527F1BD1400A818F3 /* DefaultPersistenceService.swift in Sources */,
				C77DD6D427F07C4A0037ACFF /* DefaultLinksShortenerService+ResponseModelResult.swift in Sources */,
				C753FAAF27F1BBE500A818F3 /* Services.swift in Sources */,
				C753FABE27F2439B00A818F3 /* PersistenceDecodingError.swift in Sources */,
				C7CC818827F8B549008EE891 /* LocalizedString.swift in Sources */,
				C753FAC227F2452B00A818F3 /* PersistenceDecodableModel.swift in Sources */,
				C753FAC427F24CBC00A818F3 /* PersistenceService.swift in Sources */,
				C77DD6D027F07BD00037ACFF /* DefaultLinksShortenerService+ResponseErrorModel.swift in Sources */,
				C7DF18F327EA590200D1FAD6 /* URLShortener.xcdatamodeld in Sources */,
				C78FCB8E27EA67A10095E352 /* ColorAsset.swift in Sources */,
				C77166ED27F103D800C0B472 /* ClipboardService.swift in Sources */,
				C796499527F7412A00B613F4 /* LoggableError.swift in Sources */,
				C77DD6CA27F079AB0037ACFF /* DefaultLinksShortenerService.swift in Sources */,
				C7AB8B4227F10657006592C2 /* CoreDataStack.swift in Sources */,
				C7DF18EB27EA590200D1FAD6 /* SceneDelegate.swift in Sources */,
				C77DD6CC27F07ABC0037ACFF /* LinksShortenerError.swift in Sources */,
				C77166EF27F103E700C0B472 /* DefaultClipboardService.swift in Sources */,
				C77DD6D227F07C030037ACFF /* DefaultLinksShortenerService+ResponseModel.swift in Sources */,
			);
			runOnlyForDeploymentPostprocessing = 0;
		};
		C7DF18FA27EA590400D1FAD6 /* Sources */ = {
			isa = PBXSourcesBuildPhase;
			buildActionMask = 2147483647;
			files = (
				C767EE1127F0F9000053DC26 /* MockJSON.swift in Sources */,
				C7CE0AE227F0808A0019F254 /* DefaultLinksShortenerServiceTests.swift in Sources */,
				C767EE1327F0F9840053DC26 /* MockJSONLoader.swift in Sources */,
				C7BB4B3A27F25FAB00AC3E1B /* LinkTests.swift in Sources */,
				C767EE1527F0FA7E0053DC26 /* MockJSONType.swift in Sources */,
			);
			runOnlyForDeploymentPostprocessing = 0;
		};
		C7DF190427EA590400D1FAD6 /* Sources */ = {
			isa = PBXSourcesBuildPhase;
			buildActionMask = 2147483647;
			files = (
				C7DF190D27EA590400D1FAD6 /* URLShortenerUITests.swift in Sources */,
				C7DF190F27EA590400D1FAD6 /* URLShortenerUITestsLaunchTests.swift in Sources */,
			);
			runOnlyForDeploymentPostprocessing = 0;
		};
/* End PBXSourcesBuildPhase section */

/* Begin PBXTargetDependency section */
		C7DF190027EA590400D1FAD6 /* PBXTargetDependency */ = {
			isa = PBXTargetDependency;
			target = C7DF18E427EA590200D1FAD6 /* URLShortener */;
			targetProxy = C7DF18FF27EA590400D1FAD6 /* PBXContainerItemProxy */;
		};
		C7DF190A27EA590400D1FAD6 /* PBXTargetDependency */ = {
			isa = PBXTargetDependency;
			target = C7DF18E427EA590200D1FAD6 /* URLShortener */;
			targetProxy = C7DF190927EA590400D1FAD6 /* PBXContainerItemProxy */;
		};
/* End PBXTargetDependency section */

/* Begin PBXVariantGroup section */
		C7CC819027F8B751008EE891 /* Localizable.strings */ = {
			isa = PBXVariantGroup;
			children = (
				C7CC818F27F8B751008EE891 /* en */,
			);
			name = Localizable.strings;
			sourceTree = "<group>";
		};
		C7DF18F627EA590400D1FAD6 /* LaunchScreen.storyboard */ = {
			isa = PBXVariantGroup;
			children = (
				C7DF18F727EA590400D1FAD6 /* Base */,
				C7CC818A27F8B617008EE891 /* en */,
			);
			name = LaunchScreen.storyboard;
			sourceTree = "<group>";
		};
/* End PBXVariantGroup section */

/* Begin XCBuildConfiguration section */
		C7DF191027EA590400D1FAD6 /* Debug */ = {
			isa = XCBuildConfiguration;
			buildSettings = {
				ALWAYS_SEARCH_USER_PATHS = NO;
				CLANG_ANALYZER_NONNULL = YES;
				CLANG_ANALYZER_NUMBER_OBJECT_CONVERSION = YES_AGGRESSIVE;
				CLANG_CXX_LANGUAGE_STANDARD = "gnu++17";
				CLANG_ENABLE_MODULES = YES;
				CLANG_ENABLE_OBJC_ARC = YES;
				CLANG_ENABLE_OBJC_WEAK = YES;
				CLANG_WARN_BLOCK_CAPTURE_AUTORELEASING = YES;
				CLANG_WARN_BOOL_CONVERSION = YES;
				CLANG_WARN_COMMA = YES;
				CLANG_WARN_CONSTANT_CONVERSION = YES;
				CLANG_WARN_DEPRECATED_OBJC_IMPLEMENTATIONS = YES;
				CLANG_WARN_DIRECT_OBJC_ISA_USAGE = YES_ERROR;
				CLANG_WARN_DOCUMENTATION_COMMENTS = YES;
				CLANG_WARN_EMPTY_BODY = YES;
				CLANG_WARN_ENUM_CONVERSION = YES;
				CLANG_WARN_INFINITE_RECURSION = YES;
				CLANG_WARN_INT_CONVERSION = YES;
				CLANG_WARN_NON_LITERAL_NULL_CONVERSION = YES;
				CLANG_WARN_OBJC_IMPLICIT_RETAIN_SELF = YES;
				CLANG_WARN_OBJC_LITERAL_CONVERSION = YES;
				CLANG_WARN_OBJC_ROOT_CLASS = YES_ERROR;
				CLANG_WARN_QUOTED_INCLUDE_IN_FRAMEWORK_HEADER = YES;
				CLANG_WARN_RANGE_LOOP_ANALYSIS = YES;
				CLANG_WARN_STRICT_PROTOTYPES = YES;
				CLANG_WARN_SUSPICIOUS_MOVE = YES;
				CLANG_WARN_UNGUARDED_AVAILABILITY = YES_AGGRESSIVE;
				CLANG_WARN_UNREACHABLE_CODE = YES;
				CLANG_WARN__DUPLICATE_METHOD_MATCH = YES;
				COPY_PHASE_STRIP = NO;
				DEBUG_INFORMATION_FORMAT = dwarf;
				ENABLE_STRICT_OBJC_MSGSEND = YES;
				ENABLE_TESTABILITY = YES;
				GCC_C_LANGUAGE_STANDARD = gnu11;
				GCC_DYNAMIC_NO_PIC = NO;
				GCC_NO_COMMON_BLOCKS = YES;
				GCC_OPTIMIZATION_LEVEL = 0;
				GCC_PREPROCESSOR_DEFINITIONS = (
					"DEBUG=1",
					"$(inherited)",
				);
				GCC_WARN_64_TO_32_BIT_CONVERSION = YES;
				GCC_WARN_ABOUT_RETURN_TYPE = YES_ERROR;
				GCC_WARN_UNDECLARED_SELECTOR = YES;
				GCC_WARN_UNINITIALIZED_AUTOS = YES_AGGRESSIVE;
				GCC_WARN_UNUSED_FUNCTION = YES;
				GCC_WARN_UNUSED_VARIABLE = YES;
				IPHONEOS_DEPLOYMENT_TARGET = 15.4;
				MTL_ENABLE_DEBUG_INFO = INCLUDE_SOURCE;
				MTL_FAST_MATH = YES;
				ONLY_ACTIVE_ARCH = YES;
				SDKROOT = iphoneos;
				SWIFT_ACTIVE_COMPILATION_CONDITIONS = DEBUG;
				SWIFT_OPTIMIZATION_LEVEL = "-Onone";
			};
			name = Debug;
		};
		C7DF191127EA590400D1FAD6 /* Release */ = {
			isa = XCBuildConfiguration;
			buildSettings = {
				ALWAYS_SEARCH_USER_PATHS = NO;
				CLANG_ANALYZER_NONNULL = YES;
				CLANG_ANALYZER_NUMBER_OBJECT_CONVERSION = YES_AGGRESSIVE;
				CLANG_CXX_LANGUAGE_STANDARD = "gnu++17";
				CLANG_ENABLE_MODULES = YES;
				CLANG_ENABLE_OBJC_ARC = YES;
				CLANG_ENABLE_OBJC_WEAK = YES;
				CLANG_WARN_BLOCK_CAPTURE_AUTORELEASING = YES;
				CLANG_WARN_BOOL_CONVERSION = YES;
				CLANG_WARN_COMMA = YES;
				CLANG_WARN_CONSTANT_CONVERSION = YES;
				CLANG_WARN_DEPRECATED_OBJC_IMPLEMENTATIONS = YES;
				CLANG_WARN_DIRECT_OBJC_ISA_USAGE = YES_ERROR;
				CLANG_WARN_DOCUMENTATION_COMMENTS = YES;
				CLANG_WARN_EMPTY_BODY = YES;
				CLANG_WARN_ENUM_CONVERSION = YES;
				CLANG_WARN_INFINITE_RECURSION = YES;
				CLANG_WARN_INT_CONVERSION = YES;
				CLANG_WARN_NON_LITERAL_NULL_CONVERSION = YES;
				CLANG_WARN_OBJC_IMPLICIT_RETAIN_SELF = YES;
				CLANG_WARN_OBJC_LITERAL_CONVERSION = YES;
				CLANG_WARN_OBJC_ROOT_CLASS = YES_ERROR;
				CLANG_WARN_QUOTED_INCLUDE_IN_FRAMEWORK_HEADER = YES;
				CLANG_WARN_RANGE_LOOP_ANALYSIS = YES;
				CLANG_WARN_STRICT_PROTOTYPES = YES;
				CLANG_WARN_SUSPICIOUS_MOVE = YES;
				CLANG_WARN_UNGUARDED_AVAILABILITY = YES_AGGRESSIVE;
				CLANG_WARN_UNREACHABLE_CODE = YES;
				CLANG_WARN__DUPLICATE_METHOD_MATCH = YES;
				COPY_PHASE_STRIP = NO;
				DEBUG_INFORMATION_FORMAT = "dwarf-with-dsym";
				ENABLE_NS_ASSERTIONS = NO;
				ENABLE_STRICT_OBJC_MSGSEND = YES;
				GCC_C_LANGUAGE_STANDARD = gnu11;
				GCC_NO_COMMON_BLOCKS = YES;
				GCC_WARN_64_TO_32_BIT_CONVERSION = YES;
				GCC_WARN_ABOUT_RETURN_TYPE = YES_ERROR;
				GCC_WARN_UNDECLARED_SELECTOR = YES;
				GCC_WARN_UNINITIALIZED_AUTOS = YES_AGGRESSIVE;
				GCC_WARN_UNUSED_FUNCTION = YES;
				GCC_WARN_UNUSED_VARIABLE = YES;
				IPHONEOS_DEPLOYMENT_TARGET = 15.4;
				MTL_ENABLE_DEBUG_INFO = NO;
				MTL_FAST_MATH = YES;
				SDKROOT = iphoneos;
				SWIFT_COMPILATION_MODE = wholemodule;
				SWIFT_OPTIMIZATION_LEVEL = "-O";
				VALIDATE_PRODUCT = YES;
			};
			name = Release;
		};
		C7DF191327EA590400D1FAD6 /* Debug */ = {
			isa = XCBuildConfiguration;
			buildSettings = {
				ASSETCATALOG_COMPILER_APPICON_NAME = AppIcon;
				ASSETCATALOG_COMPILER_GLOBAL_ACCENT_COLOR_NAME = AccentColor;
				CODE_SIGN_ENTITLEMENTS = URLShortener/App/URLShortener.entitlements;
				CODE_SIGN_STYLE = Automatic;
				CURRENT_PROJECT_VERSION = 1;
				DEVELOPMENT_TEAM = 54XDBWL7NB;
				GENERATE_INFOPLIST_FILE = YES;
				INFOPLIST_FILE = URLShortener/App/Info.plist;
				INFOPLIST_KEY_CFBundleDisplayName = "URL Buddy";
				INFOPLIST_KEY_UIApplicationSupportsIndirectInputEvents = YES;
				INFOPLIST_KEY_UILaunchStoryboardName = LaunchScreen;
				INFOPLIST_KEY_UISupportedInterfaceOrientations_iPad = "UIInterfaceOrientationPortrait UIInterfaceOrientationPortraitUpsideDown UIInterfaceOrientationLandscapeLeft UIInterfaceOrientationLandscapeRight";
				INFOPLIST_KEY_UISupportedInterfaceOrientations_iPhone = "UIInterfaceOrientationPortrait UIInterfaceOrientationLandscapeLeft UIInterfaceOrientationLandscapeRight";
				IPHONEOS_DEPLOYMENT_TARGET = 15.0;
				LD_RUNPATH_SEARCH_PATHS = (
					"$(inherited)",
					"@executable_path/Frameworks",
				);
				MARKETING_VERSION = 1.0.0;
				PRODUCT_BUNDLE_IDENTIFIER = com.dsk13apps.URLShortener;
				PRODUCT_NAME = "$(TARGET_NAME)";
				SWIFT_EMIT_LOC_STRINGS = YES;
				SWIFT_VERSION = 5.0;
				TARGETED_DEVICE_FAMILY = 1;
			};
			name = Debug;
		};
		C7DF191427EA590400D1FAD6 /* Release */ = {
			isa = XCBuildConfiguration;
			buildSettings = {
				ASSETCATALOG_COMPILER_APPICON_NAME = AppIcon;
				ASSETCATALOG_COMPILER_GLOBAL_ACCENT_COLOR_NAME = AccentColor;
				CODE_SIGN_ENTITLEMENTS = URLShortener/App/URLShortener.entitlements;
				CODE_SIGN_STYLE = Automatic;
				CURRENT_PROJECT_VERSION = 1;
				DEVELOPMENT_TEAM = 54XDBWL7NB;
				GENERATE_INFOPLIST_FILE = YES;
				INFOPLIST_FILE = URLShortener/App/Info.plist;
				INFOPLIST_KEY_CFBundleDisplayName = "URL Buddy";
				INFOPLIST_KEY_UIApplicationSupportsIndirectInputEvents = YES;
				INFOPLIST_KEY_UILaunchStoryboardName = LaunchScreen;
				INFOPLIST_KEY_UISupportedInterfaceOrientations_iPad = "UIInterfaceOrientationPortrait UIInterfaceOrientationPortraitUpsideDown UIInterfaceOrientationLandscapeLeft UIInterfaceOrientationLandscapeRight";
				INFOPLIST_KEY_UISupportedInterfaceOrientations_iPhone = "UIInterfaceOrientationPortrait UIInterfaceOrientationLandscapeLeft UIInterfaceOrientationLandscapeRight";
				IPHONEOS_DEPLOYMENT_TARGET = 15.0;
				LD_RUNPATH_SEARCH_PATHS = (
					"$(inherited)",
					"@executable_path/Frameworks",
				);
				MARKETING_VERSION = 1.0.0;
				PRODUCT_BUNDLE_IDENTIFIER = com.dsk13apps.URLShortener;
				PRODUCT_NAME = "$(TARGET_NAME)";
				SWIFT_EMIT_LOC_STRINGS = YES;
				SWIFT_VERSION = 5.0;
				TARGETED_DEVICE_FAMILY = 1;
			};
			name = Release;
		};
		C7DF191627EA590400D1FAD6 /* Debug */ = {
			isa = XCBuildConfiguration;
			buildSettings = {
				ALWAYS_EMBED_SWIFT_STANDARD_LIBRARIES = YES;
				BUNDLE_LOADER = "$(TEST_HOST)";
				CODE_SIGN_STYLE = Automatic;
				CURRENT_PROJECT_VERSION = 1;
				DEVELOPMENT_TEAM = 54XDBWL7NB;
				GENERATE_INFOPLIST_FILE = YES;
				IPHONEOS_DEPLOYMENT_TARGET = 15.4;
				MARKETING_VERSION = 1.0;
				PRODUCT_BUNDLE_IDENTIFIER = com.dsk13apps.URLShortenerTests;
				PRODUCT_NAME = "$(TARGET_NAME)";
				SWIFT_EMIT_LOC_STRINGS = NO;
				SWIFT_VERSION = 5.0;
				TARGETED_DEVICE_FAMILY = "1,2";
				TEST_HOST = "$(BUILT_PRODUCTS_DIR)/URLShortener.app/URLShortener";
			};
			name = Debug;
		};
		C7DF191727EA590400D1FAD6 /* Release */ = {
			isa = XCBuildConfiguration;
			buildSettings = {
				ALWAYS_EMBED_SWIFT_STANDARD_LIBRARIES = YES;
				BUNDLE_LOADER = "$(TEST_HOST)";
				CODE_SIGN_STYLE = Automatic;
				CURRENT_PROJECT_VERSION = 1;
				DEVELOPMENT_TEAM = 54XDBWL7NB;
				GENERATE_INFOPLIST_FILE = YES;
				IPHONEOS_DEPLOYMENT_TARGET = 15.4;
				MARKETING_VERSION = 1.0;
				PRODUCT_BUNDLE_IDENTIFIER = com.dsk13apps.URLShortenerTests;
				PRODUCT_NAME = "$(TARGET_NAME)";
				SWIFT_EMIT_LOC_STRINGS = NO;
				SWIFT_VERSION = 5.0;
				TARGETED_DEVICE_FAMILY = "1,2";
				TEST_HOST = "$(BUILT_PRODUCTS_DIR)/URLShortener.app/URLShortener";
			};
			name = Release;
		};
		C7DF191927EA590400D1FAD6 /* Debug */ = {
			isa = XCBuildConfiguration;
			buildSettings = {
				ALWAYS_EMBED_SWIFT_STANDARD_LIBRARIES = YES;
				CODE_SIGN_STYLE = Automatic;
				CURRENT_PROJECT_VERSION = 1;
				DEVELOPMENT_TEAM = 54XDBWL7NB;
				GENERATE_INFOPLIST_FILE = YES;
				MARKETING_VERSION = 1.0;
				PRODUCT_BUNDLE_IDENTIFIER = com.dsk13apps.URLShortenerUITests;
				PRODUCT_NAME = "$(TARGET_NAME)";
				SWIFT_EMIT_LOC_STRINGS = NO;
				SWIFT_VERSION = 5.0;
				TARGETED_DEVICE_FAMILY = "1,2";
				TEST_TARGET_NAME = URLShortener;
			};
			name = Debug;
		};
		C7DF191A27EA590400D1FAD6 /* Release */ = {
			isa = XCBuildConfiguration;
			buildSettings = {
				ALWAYS_EMBED_SWIFT_STANDARD_LIBRARIES = YES;
				CODE_SIGN_STYLE = Automatic;
				CURRENT_PROJECT_VERSION = 1;
				DEVELOPMENT_TEAM = 54XDBWL7NB;
				GENERATE_INFOPLIST_FILE = YES;
				MARKETING_VERSION = 1.0;
				PRODUCT_BUNDLE_IDENTIFIER = com.dsk13apps.URLShortenerUITests;
				PRODUCT_NAME = "$(TARGET_NAME)";
				SWIFT_EMIT_LOC_STRINGS = NO;
				SWIFT_VERSION = 5.0;
				TARGETED_DEVICE_FAMILY = "1,2";
				TEST_TARGET_NAME = URLShortener;
			};
			name = Release;
		};
/* End XCBuildConfiguration section */

/* Begin XCConfigurationList section */
		C7DF18E027EA590200D1FAD6 /* Build configuration list for PBXProject "URLShortener" */ = {
			isa = XCConfigurationList;
			buildConfigurations = (
				C7DF191027EA590400D1FAD6 /* Debug */,
				C7DF191127EA590400D1FAD6 /* Release */,
			);
			defaultConfigurationIsVisible = 0;
			defaultConfigurationName = Release;
		};
		C7DF191227EA590400D1FAD6 /* Build configuration list for PBXNativeTarget "URLShortener" */ = {
			isa = XCConfigurationList;
			buildConfigurations = (
				C7DF191327EA590400D1FAD6 /* Debug */,
				C7DF191427EA590400D1FAD6 /* Release */,
			);
			defaultConfigurationIsVisible = 0;
			defaultConfigurationName = Release;
		};
		C7DF191527EA590400D1FAD6 /* Build configuration list for PBXNativeTarget "URLShortenerTests" */ = {
			isa = XCConfigurationList;
			buildConfigurations = (
				C7DF191627EA590400D1FAD6 /* Debug */,
				C7DF191727EA590400D1FAD6 /* Release */,
			);
			defaultConfigurationIsVisible = 0;
			defaultConfigurationName = Release;
		};
		C7DF191827EA590400D1FAD6 /* Build configuration list for PBXNativeTarget "URLShortenerUITests" */ = {
			isa = XCConfigurationList;
			buildConfigurations = (
				C7DF191927EA590400D1FAD6 /* Debug */,
				C7DF191A27EA590400D1FAD6 /* Release */,
			);
			defaultConfigurationIsVisible = 0;
			defaultConfigurationName = Release;
		};
/* End XCConfigurationList section */

/* Begin XCRemoteSwiftPackageReference section */
		C753FAB027F1BC2700A818F3 /* XCRemoteSwiftPackageReference "combineExtensions" */ = {
			isa = XCRemoteSwiftPackageReference;
			repositoryURL = "https://github.com/dsk1306/combineExtensions";
			requirement = {
				kind = upToNextMajorVersion;
				minimumVersion = 1.0.0;
			};
		};
		C796498C27F73AEE00B613F4 /* XCRemoteSwiftPackageReference "bugsnag-cocoa" */ = {
			isa = XCRemoteSwiftPackageReference;
			repositoryURL = "https://github.com/bugsnag/bugsnag-cocoa";
			requirement = {
				kind = upToNextMajorVersion;
				minimumVersion = 6.0.0;
			};
		};
/* End XCRemoteSwiftPackageReference section */

/* Begin XCSwiftPackageProductDependency section */
		C753FAB127F1BC2700A818F3 /* CombineExtensions */ = {
			isa = XCSwiftPackageProductDependency;
			package = C753FAB027F1BC2700A818F3 /* XCRemoteSwiftPackageReference "combineExtensions" */;
			productName = CombineExtensions;
		};
		C796498D27F73AEE00B613F4 /* Bugsnag */ = {
			isa = XCSwiftPackageProductDependency;
			package = C796498C27F73AEE00B613F4 /* XCRemoteSwiftPackageReference "bugsnag-cocoa" */;
			productName = Bugsnag;
		};
/* End XCSwiftPackageProductDependency section */

/* Begin XCVersionGroup section */
		C7DF18F127EA590200D1FAD6 /* URLShortener.xcdatamodeld */ = {
			isa = XCVersionGroup;
			children = (
				C7DF18F227EA590200D1FAD6 /* URLShortener.xcdatamodel */,
			);
			currentVersion = C7DF18F227EA590200D1FAD6 /* URLShortener.xcdatamodel */;
			path = URLShortener.xcdatamodeld;
			sourceTree = "<group>";
			versionGroupType = wrapper.xcdatamodel;
		};
/* End XCVersionGroup section */
	};
	rootObject = C7DF18DD27EA590200D1FAD6 /* Project object */;
}
