{
  "pins" : [
    {
      "identity" : "bugsnag-cocoa",
      "kind" : "remoteSourceControl",
      "location" : "https://github.com/bugsnag/bugsnag-cocoa",
      "state" : {
        "revision" : "394884c5b54fa7192f28fd554c49f16fdeda2f6e",
        "version" : "6.16.7"
      }
    },
    {
      "identity" : "combinecocoa",
      "kind" : "remoteSourceControl",
      "location" : "https://github.com/CombineCommunity/CombineCocoa",
      "state" : {
        "revision" : "4e262c2f9fb1cee1cb3be5717f7e6b55eb823971",
        "version" : "0.4.0"
      }
    },
    {
      "identity" : "combineextensions",
      "kind" : "remoteSourceControl",
      "location" : "https://github.com/dsk1306/combineExtensions",
      "state" : {
        "branch" : "operators",
        "revision" : "446564375de17ca38d00dc723e416c134f5b1cb4"
      }
    }
  ],
  "version" : 2
}
