{
  "pins" : [
    {
      "identity" : "bugsnag-cocoa",
      "kind" : "remoteSourceControl",
      "location" : "https://github.com/bugsnag/bugsnag-cocoa",
      "state" : {
        "revision" : "394884c5b54fa7192f28fd554c49f16fdeda2f6e",
        "version" : "6.16.7"
      }
    },
    {
      "identity" : "combineextensions",
      "kind" : "remoteSourceControl",
      "location" : "https://github.com/dsk1306/combineExtensions",
      "state" : {
        "revision" : "a2f31ab53ed930b830b069dbe1db6ab88692e790",
        "version" : "1.1.0"
      }
    }
  ],
  "version" : 2
}
